
Microsoft Visual Studio Solution File, Format Version 12.00
# Visual Studio Version 17
VisualStudioVersion = 17.3.32922.545
MinimumVisualStudioVersion = 10.0.40219.1
Project("{9A19103F-16F7-4668-BE54-9A1E7A4F7556}") = "crud-razor", "crud-razor.csproj", "{B3C50657-1466-4F81-A1CC-959B2C598316}"
EndProject
Global
	GlobalSection(SolutionConfigurationPlatforms) = preSolution
		Debug|Any CPU = Debug|Any CPU
		Release|Any CPU = Release|Any CPU
	EndGlobalSection
	GlobalSection(ProjectConfigurationPlatforms) = postSolution
		{B3C50657-1466-4F81-A1CC-959B2C598316}.Debug|Any CPU.ActiveCfg = Debug|Any CPU
		{B3C50657-1466-4F81-A1CC-959B2C598316}.Debug|Any CPU.Build.0 = Debug|Any CPU
		{B3C50657-1466-4F81-A1CC-959B2C598316}.Release|Any CPU.ActiveCfg = Release|Any CPU
		{B3C50657-1466-4F81-A1CC-959B2C598316}.Release|Any CPU.Build.0 = Release|Any CPU
	EndGlobalSection
	GlobalSection(SolutionProperties) = preSolution
		HideSolutionNode = FALSE
	EndGlobalSection
	GlobalSection(ExtensibilityGlobals) = postSolution
		SolutionGuid = {3D3F01CE-9002-4EA2-A7BE-BC366575366E}
	EndGlobalSection
EndGlobal
